{
  "name": "clipcraft-backend",
  "version": "3.0.0",
  "lockfileVersion": 3,
  "requires": true,
  "packages": {
    "": {
      "name": "clipcraft-backend",
      "version": "3.0.0",
      "dependencies": {
        "clipcraft-shorts-studio": "file:.."
      },
      "engines": {
        "node": ">=20.19.0"
      }
    },
    "..": {
      "name": "clipcraft-shorts-studio",
      "version": "3.0.0",
      "devDependencies": {
        "concurrently": "^9.2.1"
      }
    },
    "node_modules/clipcraft-shorts-studio": {
      "resolved": "..",
      "link": true
    }
  }
}
